
Microsoft Visual Studio Solution File, Format Version 12.00
# Visual Studio Version 16
VisualStudioVersion = 16.0.32602.291
MinimumVisualStudioVersion = 10.0.40219.1
Project("{9A19103F-16F7-4668-BE54-9A1E7A4F7556}") = "Morphology", "Morphology.csproj", "{763EC3D5-186F-4E06-A32D-9A76ADD5EA04}"
EndProject
Global
	GlobalSection(SolutionConfigurationPlatforms) = preSolution
		Debug|Any CPU = Debug|Any CPU
		Release|Any CPU = Release|Any CPU
	EndGlobalSection
	GlobalSection(ProjectConfigurationPlatforms) = postSolution
		{763EC3D5-186F-4E06-A32D-9A76ADD5EA04}.Debug|Any CPU.ActiveCfg = Debug|Any CPU
		{763EC3D5-186F-4E06-A32D-9A76ADD5EA04}.Debug|Any CPU.Build.0 = Debug|Any CPU
		{763EC3D5-186F-4E06-A32D-9A76ADD5EA04}.Release|Any CPU.ActiveCfg = Release|Any CPU
		{763EC3D5-186F-4E06-A32D-9A76ADD5EA04}.Release|Any CPU.Build.0 = Release|Any CPU
	EndGlobalSection
	GlobalSection(SolutionProperties) = preSolution
		HideSolutionNode = FALSE
	EndGlobalSection
	GlobalSection(ExtensibilityGlobals) = postSolution
		SolutionGuid = {580B7A65-2B75-4A60-B36F-ED0A3AAD083E}
	EndGlobalSection
EndGlobal
